<?xml version="1.0" encoding="utf-8"?>
<Project ToolsVersion="4.0" xmlns="http://schemas.microsoft.com/developer/msbuild/2003">
  <ItemGroup>
    <Filter Include="Fichiers sources">
      <UniqueIdentifier>{4FC737F1-C7A5-4376-A066-2A32D752A2FF}</UniqueIdentifier>
      <Extensions>cpp;c;cc;cxx;c++;def;odl;idl;hpj;bat;asm;asmx</Extensions>
    </Filter>
    <Filter Include="Fichiers d%27en-tête">
      <UniqueIdentifier>{93995380-89BD-4b04-88EB-625FBE52EBFB}</UniqueIdentifier>
      <Extensions>h;hh;hpp;hxx;h++;hm;inl;inc;ipp;xsd</Extensions>
    </Filter>
    <Filter Include="Fichiers de ressources">
      <UniqueIdentifier>{67DA6AB6-F800-4c08-8B7A-83BB121AAD01}</UniqueIdentifier>
      <Extensions>rc;ico;cur;bmp;dlg;rc2;rct;bin;rgs;gif;jpg;jpeg;jpe;resx;tiff;tif;png;wav;mfcribbon-ms</Extensions>
    </Filter>
    <Filter Include="Fichiers d%27en-tête\helper">
      <UniqueIdentifier>{a55d990e-c220-40a8-b348-bd4159e955a2}</UniqueIdentifier>
    </Filter>
    <Filter Include="Fichiers sources\helper">
      <UniqueIdentifier>{4b02c195-56ca-49fc-b0bf-b673184caf8b}</UniqueIdentifier>
    </Filter>
    <Filter Include="Fichiers d%27en-tête\managers">
      <UniqueIdentifier>{49f4469f-12f2-462a-905d-25663578c4ce}</UniqueIdentifier>
    </Filter>
    <Filter Include="Fichiers sources\managers">
      <UniqueIdentifier>{adf0cecf-b68d-425a-b81b-a6c680171ff0}</UniqueIdentifier>
    </Filter>
    <Filter Include="Fichiers sources\gameobjects">
      <UniqueIdentifier>{827760fb-45fb-4b33-b43c-3fa6fa386365}</UniqueIdentifier>
    </Filter>
    <Filter Include="Fichiers d%27en-tête\gameobjects">
      <UniqueIdentifier>{4ef5796e-8865-4af0-940d-d039801a8ca9}</UniqueIdentifier>
    </Filter>
  </ItemGroup>
  <ItemGroup>
    <ClCompile Include="main.cpp">
      <Filter>Fichiers sources</Filter>
    </ClCompile>
    <ClCompile Include="Scene.cpp">
      <Filter>Fichiers sources</Filter>
    </ClCompile>
    <ClCompile Include="Tilemap.cpp">
      <Filter>Fichiers sources</Filter>
    </ClCompile>
    <ClCompile Include="Tileset.cpp">
      <Filter>Fichiers sources</Filter>
    </ClCompile>
    <ClCompile Include="MapGenerator.cpp">
      <Filter>Fichiers sources</Filter>
    </ClCompile>
    <ClCompile Include="Particle.cpp">
      <Filter>Fichiers sources</Filter>
    </ClCompile>
    <ClCompile Include="SimplexNoise.cpp">
      <Filter>Fichiers sources\helper</Filter>
    </ClCompile>
    <ClCompile Include="stb_image.cpp">
      <Filter>Fichiers sources\helper</Filter>
    </ClCompile>
    <ClCompile Include="utils.cpp">
      <Filter>Fichiers sources\helper</Filter>
    </ClCompile>
    <ClCompile Include="SoundManager.cpp">
      <Filter>Fichiers sources\managers</Filter>
    </ClCompile>
    <ClCompile Include="TextureManager.cpp">
      <Filter>Fichiers sources\managers</Filter>
    </ClCompile>
    <ClCompile Include="UIManager.cpp">
      <Filter>Fichiers sources\managers</Filter>
    </ClCompile>
    <ClCompile Include="NPC.cpp">
      <Filter>Fichiers sources\gameobjects</Filter>
    </ClCompile>
    <ClCompile Include="Player.cpp">
      <Filter>Fichiers sources\gameobjects</Filter>
    </ClCompile>
    <ClCompile Include="Projectile.cpp">
      <Filter>Fichiers sources\gameobjects</Filter>
    </ClCompile>
    <ClCompile Include="glad.cpp">
      <Filter>Fichiers sources\helper</Filter>
    </ClCompile>
  </ItemGroup>
  <ItemGroup>
    <ClInclude Include="Scene.h">
      <Filter>Fichiers d%27en-tête</Filter>
    </ClInclude>
    <ClInclude Include="Tilemap.h">
      <Filter>Fichiers d%27en-tête</Filter>
    </ClInclude>
    <ClInclude Include="Tileset.h">
      <Filter>Fichiers d%27en-tête</Filter>
    </ClInclude>
    <ClInclude Include="MapGenerator.h">
      <Filter>Fichiers d%27en-tête</Filter>
    </ClInclude>
    <ClInclude Include="Particle.h">
      <Filter>Fichiers d%27en-tête</Filter>
    </ClInclude>
    <ClInclude Include="utils.h">
      <Filter>Fichiers d%27en-tête\helper</Filter>
    </ClInclude>
    <ClInclude Include="SimplexNoise.h">
      <Filter>Fichiers d%27en-tête\helper</Filter>
    </ClInclude>
    <ClInclude Include="stb_image.h">
      <Filter>Fichiers d%27en-tête\helper</Filter>
    </ClInclude>
    <ClInclude Include="SoundManager.h">
      <Filter>Fichiers d%27en-tête\managers</Filter>
    </ClInclude>
    <ClInclude Include="TextureManager.h">
      <Filter>Fichiers d%27en-tête\managers</Filter>
    </ClInclude>
    <ClInclude Include="UIManager.h">
      <Filter>Fichiers d%27en-tête\managers</Filter>
    </ClInclude>
    <ClInclude Include="NPC.h">
      <Filter>Fichiers d%27en-tête\gameobjects</Filter>
    </ClInclude>
    <ClInclude Include="Player.h">
      <Filter>Fichiers d%27en-tête\gameobjects</Filter>
    </ClInclude>
    <ClInclude Include="Projectile.h">
      <Filter>Fichiers d%27en-tête\gameobjects</Filter>
    </ClInclude>
  </ItemGroup>
</Project>